
Microsoft Visual Studio Solution File, Format Version 12.00
# Visual Studio Version 16
VisualStudioVersion = 16.0.33214.272
MinimumVisualStudioVersion = 10.0.40219.1
Project("{FAE04EC0-301F-11D3-BF4B-00C04F79EFBC}") = "UsersAPI", "UsersAPI.csproj", "{B5DB0B49-57B5-4341-BAA5-1A2E044DDB7F}"
EndProject
Global
	GlobalSection(SolutionConfigurationPlatforms) = preSolution
		Debug|Any CPU = Debug|Any CPU
		Release|Any CPU = Release|Any CPU
	EndGlobalSection
	GlobalSection(ProjectConfigurationPlatforms) = postSolution
		{B5DB0B49-57B5-4341-BAA5-1A2E044DDB7F}.Debug|Any CPU.ActiveCfg = Debug|Any CPU
		{B5DB0B49-57B5-4341-BAA5-1A2E044DDB7F}.Debug|Any CPU.Build.0 = Debug|Any CPU
		{B5DB0B49-57B5-4341-BAA5-1A2E044DDB7F}.Release|Any CPU.ActiveCfg = Release|Any CPU
		{B5DB0B49-57B5-4341-BAA5-1A2E044DDB7F}.Release|Any CPU.Build.0 = Release|Any CPU
	EndGlobalSection
	GlobalSection(SolutionProperties) = preSolution
		HideSolutionNode = FALSE
	EndGlobalSection
	GlobalSection(ExtensibilityGlobals) = postSolution
		SolutionGuid = {F0EEC067-5BBA-4EF0-AB4D-5D0F4339B271}
	EndGlobalSection
EndGlobal
